{
  "name": "video_app",
  "version": "1.0.0",
  "lockfileVersion": 3,
  "requires": true,
  "packages": {
    "": {
      "name": "video_app",
      "version": "1.0.0",
      "license": "ISC",
      "dependencies": {
        "node": "^22.22.3"
      }
    },
    "node_modules/node": {
      "version": "22.22.3",
      "resolved": "https://registry.npmjs.org/node/-/node-22.22.3.tgz",
      "integrity": "sha512-KVPJ8f/BUnbMgSIAn0gr6dYyN/02jKtZNGxjZjZbm8pYdHRE1OiMzFctuxO3WVYmIaWqOGmHiTIkbc8EIT6okA==",
      "hasInstallScript": true,
      "license": "MIT",
      "dependencies": {
        "node-bin-setup": "^1.0.0"
      },
      "bin": {
        "node": "bin/node"
      },
      "engines": {
        "npm": ">=5.0.0"
      }
    },
    "node_modules/node-bin-setup": {
      "version": "1.1.4",
      "resolved": "https://registry.npmjs.org/node-bin-setup/-/node-bin-setup-1.1.4.tgz",
      "integrity": "sha512-vWNHOne0ZUavArqPP5LJta50+S8R261Fr5SvGul37HbEDcowvLjwdvd0ZeSr0r2lTSrPxl6okq9QUw8BFGiAxA==",
      "license": "ISC"
    }
  }
}
